{
  "name": "My-Portfolio-Website",
  "lockfileVersion": 3,
  "requires": true,
  "packages": {
    "": {
      "dependencies": {
        "react-use-draggable-scroll": "^0.4.7"
      }
    },
    "node_modules/react-use-draggable-scroll": {
      "version": "0.4.7",
      "resolved": "https://registry.npmjs.org/react-use-draggable-scroll/-/react-use-draggable-scroll-0.4.7.tgz",
      "integrity": "sha512-6gCxGPO9WV5dIsBaDrgUKBaac8CY07PkygcArfajijYSNDwAq0girDRjaBuF1+lRqQryoLFQfpVaV2u/Yh6CrQ==",
      "engines": {
        "node": ">=10"
      },
      "peerDependencies": {
        "react": ">=16"
      }
    }
  }
}
